
Microsoft Visual Studio Solution File, Format Version 12.00
# Visual Studio Version 17
VisualStudioVersion = 17.11.35327.3
MinimumVisualStudioVersion = 10.0.40219.1
Project("{FAE04EC0-301F-11D3-BF4B-00C04F79EFBC}") = "Patty task 3", "Patty task 3\Patty task 3.csproj", "{FBB26242-F169-4FD8-ABD2-B6B19765463B}"
EndProject
Global
	GlobalSection(SolutionConfigurationPlatforms) = preSolution
		Debug|Any CPU = Debug|Any CPU
		Release|Any CPU = Release|Any CPU
	EndGlobalSection
	GlobalSection(ProjectConfigurationPlatforms) = postSolution
		{FBB26242-F169-4FD8-ABD2-B6B19765463B}.Debug|Any CPU.ActiveCfg = Debug|Any CPU
		{FBB26242-F169-4FD8-ABD2-B6B19765463B}.Debug|Any CPU.Build.0 = Debug|Any CPU
		{FBB26242-F169-4FD8-ABD2-B6B19765463B}.Release|Any CPU.ActiveCfg = Release|Any CPU
		{FBB26242-F169-4FD8-ABD2-B6B19765463B}.Release|Any CPU.Build.0 = Release|Any CPU
	EndGlobalSection
	GlobalSection(SolutionProperties) = preSolution
		HideSolutionNode = FALSE
	EndGlobalSection
	GlobalSection(ExtensibilityGlobals) = postSolution
		SolutionGuid = {1D6F4B25-BBF7-47C8-B8C1-A495797D6073}
	EndGlobalSection
EndGlobal
